
Microsoft Visual Studio Solution File, Format Version 12.00
# Visual Studio Version 17
VisualStudioVersion = 17.3.32929.385
MinimumVisualStudioVersion = 10.0.40219.1
Project("{FAE04EC0-301F-11D3-BF4B-00C04F79EFBC}") = "OopsBasicProblems", "OopsBasicProblems.csproj", "{EE1A577D-ED71-4B4A-B4E2-392FAB5A65A2}"
EndProject
Global
	GlobalSection(SolutionConfigurationPlatforms) = preSolution
		Debug|Any CPU = Debug|Any CPU
		Release|Any CPU = Release|Any CPU
	EndGlobalSection
	GlobalSection(ProjectConfigurationPlatforms) = postSolution
		{EE1A577D-ED71-4B4A-B4E2-392FAB5A65A2}.Debug|Any CPU.ActiveCfg = Debug|Any CPU
		{EE1A577D-ED71-4B4A-B4E2-392FAB5A65A2}.Debug|Any CPU.Build.0 = Debug|Any CPU
		{EE1A577D-ED71-4B4A-B4E2-392FAB5A65A2}.Release|Any CPU.ActiveCfg = Release|Any CPU
		{EE1A577D-ED71-4B4A-B4E2-392FAB5A65A2}.Release|Any CPU.Build.0 = Release|Any CPU
	EndGlobalSection
	GlobalSection(SolutionProperties) = preSolution
		HideSolutionNode = FALSE
	EndGlobalSection
	GlobalSection(ExtensibilityGlobals) = postSolution
		SolutionGuid = {13A4C00D-15F3-46F9-8813-76F5B853122B}
	EndGlobalSection
EndGlobal
